Microsoft Visual Studio Solution File, Format Version 8.00
Project("{FAE04EC0-301F-11D3-BF4B-00C04F79EFBC}") = "FindListener", "FindListener\FindListener.csproj", "{8DADBE84-512E-4241-AA7A-E986E10D212D}"
	ProjectSection(ProjectDependencies) = postProject
	EndProjectSection
EndProject
Global
	GlobalSection(SolutionConfiguration) = preSolution
		Debug = Debug
		Release = Release
	EndGlobalSection
	GlobalSection(ProjectConfiguration) = postSolution
		{8DADBE84-512E-4241-AA7A-E986E10D212D}.Debug.ActiveCfg = Debug|.NET
		{8DADBE84-512E-4241-AA7A-E986E10D212D}.Debug.Build.0 = Debug|.NET
		{8DADBE84-512E-4241-AA7A-E986E10D212D}.Release.ActiveCfg = Release|.NET
		{8DADBE84-512E-4241-AA7A-E986E10D212D}.Release.Build.0 = Release|.NET
	EndGlobalSection
	GlobalSection(ExtensibilityGlobals) = postSolution
	EndGlobalSection
	GlobalSection(ExtensibilityAddIns) = postSolution
	EndGlobalSection
EndGlobal
